{
  "name": "nativeWs",
  "version": "1.0.0",
  "lockfileVersion": 1,
  "requires": true,
  "dependencies": {
    "@types/node": {
      "version": "13.11.1",
      "resolved": "https://registry.npmjs.org/@types/node/-/node-13.11.1.tgz",
      "integrity": "sha512-eWQGP3qtxwL8FGneRrC5DwrJLGN4/dH1clNTuLfN81HCrxVtxRjygDTUoZJ5ASlDEeo0ppYFQjQIlXhtXpOn6g==",
      "dev": true
    },
    "@types/ws": {
      "version": "7.2.3",
      "resolved": "https://registry.npmjs.org/@types/ws/-/ws-7.2.3.tgz",
      "integrity": "sha512-VT/GK7nvDA7lfHy40G3LKM+ICqmdIsBLBHGXcWD97MtqQEjNMX+7Gudo8YGpaSlYdTX7IFThhCE8Jx09HegymQ==",
      "dev": true,
      "requires": {
        "@types/node": "*"
      }
    },
    "ws": {
      "version": "7.4.6",
      "resolved": "https://registry.npmjs.org/ws/-/ws-7.4.6.tgz",
      "integrity": "sha512-YmhHDO4MzaDLB+M9ym/mDA5z0naX8j7SIlT8f8z+I0VtzsRbekxEutHSme7NPS2qE8StCYQNUnfWdXta/Yu85A=="
    }
  }
}
